{
  "pins" : [
    {
      "identity" : "rickandmortyapi",
      "kind" : "remoteSourceControl",
      "location" : "https://github.com/cjbarth00/RickAndMortyAPI.git",
      "state" : {
        "branch" : "main",
        "revision" : "7543f5fde346105fe11522d8485e02af0e94c6eb"
      }
    }
  ],
  "version" : 2
}
