// !$*UTF8*$!
{
	archiveVersion = 1;
	classes = {
	};
	objectVersion = 56;
	objects = {

/* Begin PBXBuildFile section */
		B017EF5429DA464B00153B5A /* RickAndMortySwiftUIApp.swift in Sources */ = {isa = PBXBuildFile; fileRef = B017EF5329DA464B00153B5A /* RickAndMortySwiftUIApp.swift */; };
		B017EF5629DA464B00153B5A /* ContentView.swift in Sources */ = {isa = PBXBuildFile; fileRef = B017EF5529DA464B00153B5A /* ContentView.swift */; };
		B017EF5829DA464C00153B5A /* Assets.xcassets in Resources */ = {isa = PBXBuildFile; fileRef = B017EF5729DA464C00153B5A /* Assets.xcassets */; };
		B017EF5B29DA464C00153B5A /* Preview Assets.xcassets in Resources */ = {isa = PBXBuildFile; fileRef = B017EF5A29DA464C00153B5A /* Preview Assets.xcassets */; };
		B017EF6529DA464C00153B5A /* RickAndMortySwiftUITests.swift in Sources */ = {isa = PBXBuildFile; fileRef = B017EF6429DA464C00153B5A /* RickAndMortySwiftUITests.swift */; };
		B017EF6F29DA464C00153B5A /* RickAndMortySwiftUIUITests.swift in Sources */ = {isa = PBXBuildFile; fileRef = B017EF6E29DA464C00153B5A /* RickAndMortySwiftUIUITests.swift */; };
		B017EF7129DA464C00153B5A /* RickAndMortySwiftUIUITestsLaunchTests.swift in Sources */ = {isa = PBXBuildFile; fileRef = B017EF7029DA464C00153B5A /* RickAndMortySwiftUIUITestsLaunchTests.swift */; };
		B017EF7F29DA46AA00153B5A /* RickAndMortyAPI in Frameworks */ = {isa = PBXBuildFile; productRef = B017EF7E29DA46AA00153B5A /* RickAndMortyAPI */; };
		B017EF8129DA4E0C00153B5A /* CharacterDetailView.swift in Sources */ = {isa = PBXBuildFile; fileRef = B017EF8029DA4E0C00153B5A /* CharacterDetailView.swift */; };
		B017EF8329DA520800153B5A /* CharacterListView.swift in Sources */ = {isa = PBXBuildFile; fileRef = B017EF8229DA520800153B5A /* CharacterListView.swift */; };
		B017EF8729DA52D700153B5A /* CharacterListViewModel.swift in Sources */ = {isa = PBXBuildFile; fileRef = B017EF8629DA52D700153B5A /* CharacterListViewModel.swift */; };
		B017EF8929DA52EC00153B5A /* CharacterDetailViewModel.swift in Sources */ = {isa = PBXBuildFile; fileRef = B017EF8829DA52EC00153B5A /* CharacterDetailViewModel.swift */; };
/* End PBXBuildFile section */

/* Begin PBXContainerItemProxy section */
		B017EF6129DA464C00153B5A /* PBXContainerItemProxy */ = {
			isa = PBXContainerItemProxy;
			containerPortal = B017EF4829DA464B00153B5A /* Project object */;
			proxyType = 1;
			remoteGlobalIDString = B017EF4F29DA464B00153B5A;
			remoteInfo = RickAndMortySwiftUI;
		};
		B017EF6B29DA464C00153B5A /* PBXContainerItemProxy */ = {
			isa = PBXContainerItemProxy;
			containerPortal = B017EF4829DA464B00153B5A /* Project object */;
			proxyType = 1;
			remoteGlobalIDString = B017EF4F29DA464B00153B5A;
			remoteInfo = RickAndMortySwiftUI;
		};
/* End PBXContainerItemProxy section */

/* Begin PBXFileReference section */
		B017EF5029DA464B00153B5A /* RickAndMortySwiftUI.app */ = {isa = PBXFileReference; explicitFileType = wrapper.application; includeInIndex = 0; path = RickAndMortySwiftUI.app; sourceTree = BUILT_PRODUCTS_DIR; };
		B017EF5329DA464B00153B5A /* RickAndMortySwiftUIApp.swift */ = {isa = PBXFileReference; lastKnownFileType = sourcecode.swift; path = RickAndMortySwiftUIApp.swift; sourceTree = "<group>"; };
		B017EF5529DA464B00153B5A /* ContentView.swift */ = {isa = PBXFileReference; lastKnownFileType = sourcecode.swift; path = ContentView.swift; sourceTree = "<group>"; };
		B017EF5729DA464C00153B5A /* Assets.xcassets */ = {isa = PBXFileReference; lastKnownFileType = folder.assetcatalog; path = Assets.xcassets; sourceTree = "<group>"; };
		B017EF5A29DA464C00153B5A /* Preview Assets.xcassets */ = {isa = PBXFileReference; lastKnownFileType = folder.assetcatalog; path = "Preview Assets.xcassets"; sourceTree = "<group>"; };
		B017EF6029DA464C00153B5A /* RickAndMortySwiftUITests.xctest */ = {isa = PBXFileReference; explicitFileType = wrapper.cfbundle; includeInIndex = 0; path = RickAndMortySwiftUITests.xctest; sourceTree = BUILT_PRODUCTS_DIR; };
		B017EF6429DA464C00153B5A /* RickAndMortySwiftUITests.swift */ = {isa = PBXFileReference; lastKnownFileType = sourcecode.swift; path = RickAndMortySwiftUITests.swift; sourceTree = "<group>"; };
		B017EF6A29DA464C00153B5A /* RickAndMortySwiftUIUITests.xctest */ = {isa = PBXFileReference; explicitFileType = wrapper.cfbundle; includeInIndex = 0; path = RickAndMortySwiftUIUITests.xctest; sourceTree = BUILT_PRODUCTS_DIR; };
		B017EF6E29DA464C00153B5A /* RickAndMortySwiftUIUITests.swift */ = {isa = PBXFileReference; lastKnownFileType = sourcecode.swift; path = RickAndMortySwiftUIUITests.swift; sourceTree = "<group>"; };
		B017EF7029DA464C00153B5A /* RickAndMortySwiftUIUITestsLaunchTests.swift */ = {isa = PBXFileReference; lastKnownFileType = sourcecode.swift; path = RickAndMortySwiftUIUITestsLaunchTests.swift; sourceTree = "<group>"; };
		B017EF8029DA4E0C00153B5A /* CharacterDetailView.swift */ = {isa = PBXFileReference; lastKnownFileType = sourcecode.swift; path = CharacterDetailView.swift; sourceTree = "<group>"; };
		B017EF8229DA520800153B5A /* CharacterListView.swift */ = {isa = PBXFileReference; lastKnownFileType = sourcecode.swift; path = CharacterListView.swift; sourceTree = "<group>"; };
		B017EF8629DA52D700153B5A /* CharacterListViewModel.swift */ = {isa = PBXFileReference; lastKnownFileType = sourcecode.swift; path = CharacterListViewModel.swift; sourceTree = "<group>"; };
		B017EF8829DA52EC00153B5A /* CharacterDetailViewModel.swift */ = {isa = PBXFileReference; lastKnownFileType = sourcecode.swift; path = CharacterDetailViewModel.swift; sourceTree = "<group>"; };
/* End PBXFileReference section */

/* Begin PBXFrameworksBuildPhase section */
		B017EF4D29DA464B00153B5A /* Frameworks */ = {
			isa = PBXFrameworksBuildPhase;
			buildActionMask = 2147483647;
			files = (
				B017EF7F29DA46AA00153B5A /* RickAndMortyAPI in Frameworks */,
			);
			runOnlyForDeploymentPostprocessing = 0;
		};
		B017EF5D29DA464C00153B5A /* Frameworks */ = {
			isa = PBXFrameworksBuildPhase;
			buildActionMask = 2147483647;
			files = (
			);
			runOnlyForDeploymentPostprocessing = 0;
		};
		B017EF6729DA464C00153B5A /* Frameworks */ = {
			isa = PBXFrameworksBuildPhase;
			buildActionMask = 2147483647;
			files = (
			);
			runOnlyForDeploymentPostprocessing = 0;
		};
/* End PBXFrameworksBuildPhase section */

/* Begin PBXGroup section */
		B017EF4729DA464B00153B5A = {
			isa = PBXGroup;
			children = (
				B017EF5229DA464B00153B5A /* RickAndMortySwiftUI */,
				B017EF6329DA464C00153B5A /* RickAndMortySwiftUITests */,
				B017EF6D29DA464C00153B5A /* RickAndMortySwiftUIUITests */,
				B017EF5129DA464B00153B5A /* Products */,
			);
			sourceTree = "<group>";
		};
		B017EF5129DA464B00153B5A /* Products */ = {
			isa = PBXGroup;
			children = (
				B017EF5029DA464B00153B5A /* RickAndMortySwiftUI.app */,
				B017EF6029DA464C00153B5A /* RickAndMortySwiftUITests.xctest */,
				B017EF6A29DA464C00153B5A /* RickAndMortySwiftUIUITests.xctest */,
			);
			name = Products;
			sourceTree = "<group>";
		};
		B017EF5229DA464B00153B5A /* RickAndMortySwiftUI */ = {
			isa = PBXGroup;
			children = (
				B017EF8529DA52BC00153B5A /* ViewModels */,
				B017EF8429DA52B500153B5A /* Views */,
				B017EF5329DA464B00153B5A /* RickAndMortySwiftUIApp.swift */,
				B017EF5529DA464B00153B5A /* ContentView.swift */,
				B017EF5729DA464C00153B5A /* Assets.xcassets */,
				B017EF5929DA464C00153B5A /* Preview Content */,
				B017EF8029DA4E0C00153B5A /* CharacterDetailView.swift */,
				B017EF8229DA520800153B5A /* CharacterListView.swift */,
			);
			path = RickAndMortySwiftUI;
			sourceTree = "<group>";
		};
		B017EF5929DA464C00153B5A /* Preview Content */ = {
			isa = PBXGroup;
			children = (
				B017EF5A29DA464C00153B5A /* Preview Assets.xcassets */,
			);
			path = "Preview Content";
			sourceTree = "<group>";
		};
		B017EF6329DA464C00153B5A /* RickAndMortySwiftUITests */ = {
			isa = PBXGroup;
			children = (
				B017EF6429DA464C00153B5A /* RickAndMortySwiftUITests.swift */,
			);
			path = RickAndMortySwiftUITests;
			sourceTree = "<group>";
		};
		B017EF6D29DA464C00153B5A /* RickAndMortySwiftUIUITests */ = {
			isa = PBXGroup;
			children = (
				B017EF6E29DA464C00153B5A /* RickAndMortySwiftUIUITests.swift */,
				B017EF7029DA464C00153B5A /* RickAndMortySwiftUIUITestsLaunchTests.swift */,
			);
			path = RickAndMortySwiftUIUITests;
			sourceTree = "<group>";
		};
		B017EF8429DA52B500153B5A /* Views */ = {
			isa = PBXGroup;
			children = (
			);
			path = Views;
			sourceTree = "<group>";
		};
		B017EF8529DA52BC00153B5A /* ViewModels */ = {
			isa = PBXGroup;
			children = (
				B017EF8629DA52D700153B5A /* CharacterListViewModel.swift */,
				B017EF8829DA52EC00153B5A /* CharacterDetailViewModel.swift */,
			);
			path = ViewModels;
			sourceTree = "<group>";
		};
/* End PBXGroup section */

/* Begin PBXNativeTarget section */
		B017EF4F29DA464B00153B5A /* RickAndMortySwiftUI */ = {
			isa = PBXNativeTarget;
			buildConfigurationList = B017EF7429DA464C00153B5A /* Build configuration list for PBXNativeTarget "RickAndMortySwiftUI" */;
			buildPhases = (
				B017EF4C29DA464B00153B5A /* Sources */,
				B017EF4D29DA464B00153B5A /* Frameworks */,
				B017EF4E29DA464B00153B5A /* Resources */,
			);
			buildRules = (
			);
			dependencies = (
			);
			name = RickAndMortySwiftUI;
			packageProductDependencies = (
				B017EF7E29DA46AA00153B5A /* RickAndMortyAPI */,
			);
			productName = RickAndMortySwiftUI;
			productReference = B017EF5029DA464B00153B5A /* RickAndMortySwiftUI.app */;
			productType = "com.apple.product-type.application";
		};
		B017EF5F29DA464C00153B5A /* RickAndMortySwiftUITests */ = {
			isa = PBXNativeTarget;
			buildConfigurationList = B017EF7729DA464C00153B5A /* Build configuration list for PBXNativeTarget "RickAndMortySwiftUITests" */;
			buildPhases = (
				B017EF5C29DA464C00153B5A /* Sources */,
				B017EF5D29DA464C00153B5A /* Frameworks */,
				B017EF5E29DA464C00153B5A /* Resources */,
			);
			buildRules = (
			);
			dependencies = (
				B017EF6229DA464C00153B5A /* PBXTargetDependency */,
			);
			name = RickAndMortySwiftUITests;
			productName = RickAndMortySwiftUITests;
			productReference = B017EF6029DA464C00153B5A /* RickAndMortySwiftUITests.xctest */;
			productType = "com.apple.product-type.bundle.unit-test";
		};
		B017EF6929DA464C00153B5A /* RickAndMortySwiftUIUITests */ = {
			isa = PBXNativeTarget;
			buildConfigurationList = B017EF7A29DA464C00153B5A /* Build configuration list for PBXNativeTarget "RickAndMortySwiftUIUITests" */;
			buildPhases = (
				B017EF6629DA464C00153B5A /* Sources */,
				B017EF6729DA464C00153B5A /* Frameworks */,
				B017EF6829DA464C00153B5A /* Resources */,
			);
			buildRules = (
			);
			dependencies = (
				B017EF6C29DA464C00153B5A /* PBXTargetDependency */,
			);
			name = RickAndMortySwiftUIUITests;
			productName = RickAndMortySwiftUIUITests;
			productReference = B017EF6A29DA464C00153B5A /* RickAndMortySwiftUIUITests.xctest */;
			productType = "com.apple.product-type.bundle.ui-testing";
		};
/* End PBXNativeTarget section */

/* Begin PBXProject section */
		B017EF4829DA464B00153B5A /* Project object */ = {
			isa = PBXProject;
			attributes = {
				BuildIndependentTargetsInParallel = 1;
				LastSwiftUpdateCheck = 1430;
				LastUpgradeCheck = 1430;
				TargetAttributes = {
					B017EF4F29DA464B00153B5A = {
						CreatedOnToolsVersion = 14.3;
					};
					B017EF5F29DA464C00153B5A = {
						CreatedOnToolsVersion = 14.3;
						TestTargetID = B017EF4F29DA464B00153B5A;
					};
					B017EF6929DA464C00153B5A = {
						CreatedOnToolsVersion = 14.3;
						TestTargetID = B017EF4F29DA464B00153B5A;
					};
				};
			};
			buildConfigurationList = B017EF4B29DA464B00153B5A /* Build configuration list for PBXProject "RickAndMortySwiftUI" */;
			compatibilityVersion = "Xcode 14.0";
			developmentRegion = en;
			hasScannedForEncodings = 0;
			knownRegions = (
				en,
				Base,
			);
			mainGroup = B017EF4729DA464B00153B5A;
			packageReferences = (
				B017EF7D29DA46AA00153B5A /* XCRemoteSwiftPackageReference "RickAndMortyAPI" */,
			);
			productRefGroup = B017EF5129DA464B00153B5A /* Products */;
			projectDirPath = "";
			projectRoot = "";
			targets = (
				B017EF4F29DA464B00153B5A /* RickAndMortySwiftUI */,
				B017EF5F29DA464C00153B5A /* RickAndMortySwiftUITests */,
				B017EF6929DA464C00153B5A /* RickAndMortySwiftUIUITests */,
			);
		};
/* End PBXProject section */

/* Begin PBXResourcesBuildPhase section */
		B017EF4E29DA464B00153B5A /* Resources */ = {
			isa = PBXResourcesBuildPhase;
			buildActionMask = 2147483647;
			files = (
				B017EF5B29DA464C00153B5A /* Preview Assets.xcassets in Resources */,
				B017EF5829DA464C00153B5A /* Assets.xcassets in Resources */,
			);
			runOnlyForDeploymentPostprocessing = 0;
		};
		B017EF5E29DA464C00153B5A /* Resources */ = {
			isa = PBXResourcesBuildPhase;
			buildActionMask = 2147483647;
			files = (
			);
			runOnlyForDeploymentPostprocessing = 0;
		};
		B017EF6829DA464C00153B5A /* Resources */ = {
			isa = PBXResourcesBuildPhase;
			buildActionMask = 2147483647;
			files = (
			);
			runOnlyForDeploymentPostprocessing = 0;
		};
/* End PBXResourcesBuildPhase section */

/* Begin PBXSourcesBuildPhase section */
		B017EF4C29DA464B00153B5A /* Sources */ = {
			isa = PBXSourcesBuildPhase;
			buildActionMask = 2147483647;
			files = (
				B017EF8129DA4E0C00153B5A /* CharacterDetailView.swift in Sources */,
				B017EF5629DA464B00153B5A /* ContentView.swift in Sources */,
				B017EF8329DA520800153B5A /* CharacterListView.swift in Sources */,
				B017EF8929DA52EC00153B5A /* CharacterDetailViewModel.swift in Sources */,
				B017EF8729DA52D700153B5A /* CharacterListViewModel.swift in Sources */,
				B017EF5429DA464B00153B5A /* RickAndMortySwiftUIApp.swift in Sources */,
			);
			runOnlyForDeploymentPostprocessing = 0;
		};
		B017EF5C29DA464C00153B5A /* Sources */ = {
			isa = PBXSourcesBuildPhase;
			buildActionMask = 2147483647;
			files = (
				B017EF6529DA464C00153B5A /* RickAndMortySwiftUITests.swift in Sources */,
			);
			runOnlyForDeploymentPostprocessing = 0;
		};
		B017EF6629DA464C00153B5A /* Sources */ = {
			isa = PBXSourcesBuildPhase;
			buildActionMask = 2147483647;
			files = (
				B017EF6F29DA464C00153B5A /* RickAndMortySwiftUIUITests.swift in Sources */,
				B017EF7129DA464C00153B5A /* RickAndMortySwiftUIUITestsLaunchTests.swift in Sources */,
			);
			runOnlyForDeploymentPostprocessing = 0;
		};
/* End PBXSourcesBuildPhase section */

/* Begin PBXTargetDependency section */
		B017EF6229DA464C00153B5A /* PBXTargetDependency */ = {
			isa = PBXTargetDependency;
			target = B017EF4F29DA464B00153B5A /* RickAndMortySwiftUI */;
			targetProxy = B017EF6129DA464C00153B5A /* PBXContainerItemProxy */;
		};
		B017EF6C29DA464C00153B5A /* PBXTargetDependency */ = {
			isa = PBXTargetDependency;
			target = B017EF4F29DA464B00153B5A /* RickAndMortySwiftUI */;
			targetProxy = B017EF6B29DA464C00153B5A /* PBXContainerItemProxy */;
		};
/* End PBXTargetDependency section */

/* Begin XCBuildConfiguration section */
		B017EF7229DA464C00153B5A /* Debug */ = {
			isa = XCBuildConfiguration;
			buildSettings = {
				ALWAYS_SEARCH_USER_PATHS = NO;
				CLANG_ANALYZER_NONNULL = YES;
				CLANG_ANALYZER_NUMBER_OBJECT_CONVERSION = YES_AGGRESSIVE;
				CLANG_CXX_LANGUAGE_STANDARD = "gnu++20";
				CLANG_ENABLE_MODULES = YES;
				CLANG_ENABLE_OBJC_ARC = YES;
				CLANG_ENABLE_OBJC_WEAK = YES;
				CLANG_WARN_BLOCK_CAPTURE_AUTORELEASING = YES;
				CLANG_WARN_BOOL_CONVERSION = YES;
				CLANG_WARN_COMMA = YES;
				CLANG_WARN_CONSTANT_CONVERSION = YES;
				CLANG_WARN_DEPRECATED_OBJC_IMPLEMENTATIONS = YES;
				CLANG_WARN_DIRECT_OBJC_ISA_USAGE = YES_ERROR;
				CLANG_WARN_DOCUMENTATION_COMMENTS = YES;
				CLANG_WARN_EMPTY_BODY = YES;
				CLANG_WARN_ENUM_CONVERSION = YES;
				CLANG_WARN_INFINITE_RECURSION = YES;
				CLANG_WARN_INT_CONVERSION = YES;
				CLANG_WARN_NON_LITERAL_NULL_CONVERSION = YES;
				CLANG_WARN_OBJC_IMPLICIT_RETAIN_SELF = YES;
				CLANG_WARN_OBJC_LITERAL_CONVERSION = YES;
				CLANG_WARN_OBJC_ROOT_CLASS = YES_ERROR;
				CLANG_WARN_QUOTED_INCLUDE_IN_FRAMEWORK_HEADER = YES;
				CLANG_WARN_RANGE_LOOP_ANALYSIS = YES;
				CLANG_WARN_STRICT_PROTOTYPES = YES;
				CLANG_WARN_SUSPICIOUS_MOVE = YES;
				CLANG_WARN_UNGUARDED_AVAILABILITY = YES_AGGRESSIVE;
				CLANG_WARN_UNREACHABLE_CODE = YES;
				CLANG_WARN__DUPLICATE_METHOD_MATCH = YES;
				COPY_PHASE_STRIP = NO;
				DEBUG_INFORMATION_FORMAT = dwarf;
				ENABLE_STRICT_OBJC_MSGSEND = YES;
				ENABLE_TESTABILITY = YES;
				GCC_C_LANGUAGE_STANDARD = gnu11;
				GCC_DYNAMIC_NO_PIC = NO;
				GCC_NO_COMMON_BLOCKS = YES;
				GCC_OPTIMIZATION_LEVEL = 0;
				GCC_PREPROCESSOR_DEFINITIONS = (
					"DEBUG=1",
					"$(inherited)",
				);
				GCC_WARN_64_TO_32_BIT_CONVERSION = YES;
				GCC_WARN_ABOUT_RETURN_TYPE = YES_ERROR;
				GCC_WARN_UNDECLARED_SELECTOR = YES;
				GCC_WARN_UNINITIALIZED_AUTOS = YES_AGGRESSIVE;
				GCC_WARN_UNUSED_FUNCTION = YES;
				GCC_WARN_UNUSED_VARIABLE = YES;
				IPHONEOS_DEPLOYMENT_TARGET = 16.4;
				MTL_ENABLE_DEBUG_INFO = INCLUDE_SOURCE;
				MTL_FAST_MATH = YES;
				ONLY_ACTIVE_ARCH = YES;
				SDKROOT = iphoneos;
				SWIFT_ACTIVE_COMPILATION_CONDITIONS = DEBUG;
				SWIFT_OPTIMIZATION_LEVEL = "-Onone";
			};
			name = Debug;
		};
		B017EF7329DA464C00153B5A /* Release */ = {
			isa = XCBuildConfiguration;
			buildSettings = {
				ALWAYS_SEARCH_USER_PATHS = NO;
				CLANG_ANALYZER_NONNULL = YES;
				CLANG_ANALYZER_NUMBER_OBJECT_CONVERSION = YES_AGGRESSIVE;
				CLANG_CXX_LANGUAGE_STANDARD = "gnu++20";
				CLANG_ENABLE_MODULES = YES;
				CLANG_ENABLE_OBJC_ARC = YES;
				CLANG_ENABLE_OBJC_WEAK = YES;
				CLANG_WARN_BLOCK_CAPTURE_AUTORELEASING = YES;
				CLANG_WARN_BOOL_CONVERSION = YES;
				CLANG_WARN_COMMA = YES;
				CLANG_WARN_CONSTANT_CONVERSION = YES;
				CLANG_WARN_DEPRECATED_OBJC_IMPLEMENTATIONS = YES;
				CLANG_WARN_DIRECT_OBJC_ISA_USAGE = YES_ERROR;
				CLANG_WARN_DOCUMENTATION_COMMENTS = YES;
				CLANG_WARN_EMPTY_BODY = YES;
				CLANG_WARN_ENUM_CONVERSION = YES;
				CLANG_WARN_INFINITE_RECURSION = YES;
				CLANG_WARN_INT_CONVERSION = YES;
				CLANG_WARN_NON_LITERAL_NULL_CONVERSION = YES;
				CLANG_WARN_OBJC_IMPLICIT_RETAIN_SELF = YES;
				CLANG_WARN_OBJC_LITERAL_CONVERSION = YES;
				CLANG_WARN_OBJC_ROOT_CLASS = YES_ERROR;
				CLANG_WARN_QUOTED_INCLUDE_IN_FRAMEWORK_HEADER = YES;
				CLANG_WARN_RANGE_LOOP_ANALYSIS = YES;
				CLANG_WARN_STRICT_PROTOTYPES = YES;
				CLANG_WARN_SUSPICIOUS_MOVE = YES;
				CLANG_WARN_UNGUARDED_AVAILABILITY = YES_AGGRESSIVE;
				CLANG_WARN_UNREACHABLE_CODE = YES;
				CLANG_WARN__DUPLICATE_METHOD_MATCH = YES;
				COPY_PHASE_STRIP = NO;
				DEBUG_INFORMATION_FORMAT = "dwarf-with-dsym";
				ENABLE_NS_ASSERTIONS = NO;
				ENABLE_STRICT_OBJC_MSGSEND = YES;
				GCC_C_LANGUAGE_STANDARD = gnu11;
				GCC_NO_COMMON_BLOCKS = YES;
				GCC_WARN_64_TO_32_BIT_CONVERSION = YES;
				GCC_WARN_ABOUT_RETURN_TYPE = YES_ERROR;
				GCC_WARN_UNDECLARED_SELECTOR = YES;
				GCC_WARN_UNINITIALIZED_AUTOS = YES_AGGRESSIVE;
				GCC_WARN_UNUSED_FUNCTION = YES;
				GCC_WARN_UNUSED_VARIABLE = YES;
				IPHONEOS_DEPLOYMENT_TARGET = 16.4;
				MTL_ENABLE_DEBUG_INFO = NO;
				MTL_FAST_MATH = YES;
				SDKROOT = iphoneos;
				SWIFT_COMPILATION_MODE = wholemodule;
				SWIFT_OPTIMIZATION_LEVEL = "-O";
				VALIDATE_PRODUCT = YES;
			};
			name = Release;
		};
		B017EF7529DA464C00153B5A /* Debug */ = {
			isa = XCBuildConfiguration;
			buildSettings = {
				ASSETCATALOG_COMPILER_APPICON_NAME = AppIcon;
				ASSETCATALOG_COMPILER_GLOBAL_ACCENT_COLOR_NAME = AccentColor;
				CODE_SIGN_STYLE = Automatic;
				CURRENT_PROJECT_VERSION = 1;
				DEVELOPMENT_ASSET_PATHS = "\"RickAndMortySwiftUI/Preview Content\"";
				DEVELOPMENT_TEAM = U8NL8Q6D85;
				ENABLE_PREVIEWS = YES;
				GENERATE_INFOPLIST_FILE = YES;
				INFOPLIST_KEY_UIApplicationSceneManifest_Generation = YES;
				INFOPLIST_KEY_UIApplicationSupportsIndirectInputEvents = YES;
				INFOPLIST_KEY_UILaunchScreen_Generation = YES;
				INFOPLIST_KEY_UISupportedInterfaceOrientations_iPad = "UIInterfaceOrientationPortrait UIInterfaceOrientationPortraitUpsideDown UIInterfaceOrientationLandscapeLeft UIInterfaceOrientationLandscapeRight";
				INFOPLIST_KEY_UISupportedInterfaceOrientations_iPhone = "UIInterfaceOrientationPortrait UIInterfaceOrientationLandscapeLeft UIInterfaceOrientationLandscapeRight";
				LD_RUNPATH_SEARCH_PATHS = (
					"$(inherited)",
					"@executable_path/Frameworks",
				);
				MARKETING_VERSION = 1.0;
				PRODUCT_BUNDLE_IDENTIFIER = com.caseybarth.RickAndMortySwiftUI;
				PRODUCT_NAME = "$(TARGET_NAME)";
				SWIFT_EMIT_LOC_STRINGS = YES;
				SWIFT_VERSION = 5.0;
				TARGETED_DEVICE_FAMILY = "1,2";
			};
			name = Debug;
		};
		B017EF7629DA464C00153B5A /* Release */ = {
			isa = XCBuildConfiguration;
			buildSettings = {
				ASSETCATALOG_COMPILER_APPICON_NAME = AppIcon;
				ASSETCATALOG_COMPILER_GLOBAL_ACCENT_COLOR_NAME = AccentColor;
				CODE_SIGN_STYLE = Automatic;
				CURRENT_PROJECT_VERSION = 1;
				DEVELOPMENT_ASSET_PATHS = "\"RickAndMortySwiftUI/Preview Content\"";
				DEVELOPMENT_TEAM = U8NL8Q6D85;
				ENABLE_PREVIEWS = YES;
				GENERATE_INFOPLIST_FILE = YES;
				INFOPLIST_KEY_UIApplicationSceneManifest_Generation = YES;
				INFOPLIST_KEY_UIApplicationSupportsIndirectInputEvents = YES;
				INFOPLIST_KEY_UILaunchScreen_Generation = YES;
				INFOPLIST_KEY_UISupportedInterfaceOrientations_iPad = "UIInterfaceOrientationPortrait UIInterfaceOrientationPortraitUpsideDown UIInterfaceOrientationLandscapeLeft UIInterfaceOrientationLandscapeRight";
				INFOPLIST_KEY_UISupportedInterfaceOrientations_iPhone = "UIInterfaceOrientationPortrait UIInterfaceOrientationLandscapeLeft UIInterfaceOrientationLandscapeRight";
				LD_RUNPATH_SEARCH_PATHS = (
					"$(inherited)",
					"@executable_path/Frameworks",
				);
				MARKETING_VERSION = 1.0;
				PRODUCT_BUNDLE_IDENTIFIER = com.caseybarth.RickAndMortySwiftUI;
				PRODUCT_NAME = "$(TARGET_NAME)";
				SWIFT_EMIT_LOC_STRINGS = YES;
				SWIFT_VERSION = 5.0;
				TARGETED_DEVICE_FAMILY = "1,2";
			};
			name = Release;
		};
		B017EF7829DA464C00153B5A /* Debug */ = {
			isa = XCBuildConfiguration;
			buildSettings = {
				ALWAYS_EMBED_SWIFT_STANDARD_LIBRARIES = YES;
				BUNDLE_LOADER = "$(TEST_HOST)";
				CODE_SIGN_STYLE = Automatic;
				CURRENT_PROJECT_VERSION = 1;
				DEVELOPMENT_TEAM = U8NL8Q6D85;
				GENERATE_INFOPLIST_FILE = YES;
				IPHONEOS_DEPLOYMENT_TARGET = 16.4;
				MARKETING_VERSION = 1.0;
				PRODUCT_BUNDLE_IDENTIFIER = com.caseybarth.RickAndMortySwiftUITests;
				PRODUCT_NAME = "$(TARGET_NAME)";
				SWIFT_EMIT_LOC_STRINGS = NO;
				SWIFT_VERSION = 5.0;
				TARGETED_DEVICE_FAMILY = "1,2";
				TEST_HOST = "$(BUILT_PRODUCTS_DIR)/RickAndMortySwiftUI.app/$(BUNDLE_EXECUTABLE_FOLDER_PATH)/RickAndMortySwiftUI";
			};
			name = Debug;
		};
		B017EF7929DA464C00153B5A /* Release */ = {
			isa = XCBuildConfiguration;
			buildSettings = {
				ALWAYS_EMBED_SWIFT_STANDARD_LIBRARIES = YES;
				BUNDLE_LOADER = "$(TEST_HOST)";
				CODE_SIGN_STYLE = Automatic;
				CURRENT_PROJECT_VERSION = 1;
				DEVELOPMENT_TEAM = U8NL8Q6D85;
				GENERATE_INFOPLIST_FILE = YES;
				IPHONEOS_DEPLOYMENT_TARGET = 16.4;
				MARKETING_VERSION = 1.0;
				PRODUCT_BUNDLE_IDENTIFIER = com.caseybarth.RickAndMortySwiftUITests;
				PRODUCT_NAME = "$(TARGET_NAME)";
				SWIFT_EMIT_LOC_STRINGS = NO;
				SWIFT_VERSION = 5.0;
				TARGETED_DEVICE_FAMILY = "1,2";
				TEST_HOST = "$(BUILT_PRODUCTS_DIR)/RickAndMortySwiftUI.app/$(BUNDLE_EXECUTABLE_FOLDER_PATH)/RickAndMortySwiftUI";
			};
			name = Release;
		};
		B017EF7B29DA464C00153B5A /* Debug */ = {
			isa = XCBuildConfiguration;
			buildSettings = {
				ALWAYS_EMBED_SWIFT_STANDARD_LIBRARIES = YES;
				CODE_SIGN_STYLE = Automatic;
				CURRENT_PROJECT_VERSION = 1;
				DEVELOPMENT_TEAM = U8NL8Q6D85;
				GENERATE_INFOPLIST_FILE = YES;
				MARKETING_VERSION = 1.0;
				PRODUCT_BUNDLE_IDENTIFIER = com.caseybarth.RickAndMortySwiftUIUITests;
				PRODUCT_NAME = "$(TARGET_NAME)";
				SWIFT_EMIT_LOC_STRINGS = NO;
				SWIFT_VERSION = 5.0;
				TARGETED_DEVICE_FAMILY = "1,2";
				TEST_TARGET_NAME = RickAndMortySwiftUI;
			};
			name = Debug;
		};
		B017EF7C29DA464C00153B5A /* Release */ = {
			isa = XCBuildConfiguration;
			buildSettings = {
				ALWAYS_EMBED_SWIFT_STANDARD_LIBRARIES = YES;
				CODE_SIGN_STYLE = Automatic;
				CURRENT_PROJECT_VERSION = 1;
				DEVELOPMENT_TEAM = U8NL8Q6D85;
				GENERATE_INFOPLIST_FILE = YES;
				MARKETING_VERSION = 1.0;
				PRODUCT_BUNDLE_IDENTIFIER = com.caseybarth.RickAndMortySwiftUIUITests;
				PRODUCT_NAME = "$(TARGET_NAME)";
				SWIFT_EMIT_LOC_STRINGS = NO;
				SWIFT_VERSION = 5.0;
				TARGETED_DEVICE_FAMILY = "1,2";
				TEST_TARGET_NAME = RickAndMortySwiftUI;
			};
			name = Release;
		};
/* End XCBuildConfiguration section */

/* Begin XCConfigurationList section */
		B017EF4B29DA464B00153B5A /* Build configuration list for PBXProject "RickAndMortySwiftUI" */ = {
			isa = XCConfigurationList;
			buildConfigurations = (
				B017EF7229DA464C00153B5A /* Debug */,
				B017EF7329DA464C00153B5A /* Release */,
			);
			defaultConfigurationIsVisible = 0;
			defaultConfigurationName = Release;
		};
		B017EF7429DA464C00153B5A /* Build configuration list for PBXNativeTarget "RickAndMortySwiftUI" */ = {
			isa = XCConfigurationList;
			buildConfigurations = (
				B017EF7529DA464C00153B5A /* Debug */,
				B017EF7629DA464C00153B5A /* Release */,
			);
			defaultConfigurationIsVisible = 0;
			defaultConfigurationName = Release;
		};
		B017EF7729DA464C00153B5A /* Build configuration list for PBXNativeTarget "RickAndMortySwiftUITests" */ = {
			isa = XCConfigurationList;
			buildConfigurations = (
				B017EF7829DA464C00153B5A /* Debug */,
				B017EF7929DA464C00153B5A /* Release */,
			);
			defaultConfigurationIsVisible = 0;
			defaultConfigurationName = Release;
		};
		B017EF7A29DA464C00153B5A /* Build configuration list for PBXNativeTarget "RickAndMortySwiftUIUITests" */ = {
			isa = XCConfigurationList;
			buildConfigurations = (
				B017EF7B29DA464C00153B5A /* Debug */,
				B017EF7C29DA464C00153B5A /* Release */,
			);
			defaultConfigurationIsVisible = 0;
			defaultConfigurationName = Release;
		};
/* End XCConfigurationList section */

/* Begin XCRemoteSwiftPackageReference section */
		B017EF7D29DA46AA00153B5A /* XCRemoteSwiftPackageReference "RickAndMortyAPI" */ = {
			isa = XCRemoteSwiftPackageReference;
			repositoryURL = "https://github.com/cjbarth00/RickAndMortyAPI.git";
			requirement = {
				branch = main;
				kind = branch;
			};
		};
/* End XCRemoteSwiftPackageReference section */

/* Begin XCSwiftPackageProductDependency section */
		B017EF7E29DA46AA00153B5A /* RickAndMortyAPI */ = {
			isa = XCSwiftPackageProductDependency;
			package = B017EF7D29DA46AA00153B5A /* XCRemoteSwiftPackageReference "RickAndMortyAPI" */;
			productName = RickAndMortyAPI;
		};
/* End XCSwiftPackageProductDependency section */
	};
	rootObject = B017EF4829DA464B00153B5A /* Project object */;
}
